
Microsoft Visual Studio Solution File, Format Version 12.00
# Visual Studio Version 17
VisualStudioVersion = 17.5.33530.505
MinimumVisualStudioVersion = 10.0.40219.1
Project("{FAE04EC0-301F-11D3-BF4B-00C04F79EFBC}") = "Collazo.Santiago.2C.TPFinal", "Collazo.Santiago.2C.TPFinal\Collazo.Santiago.2C.TPFinal.csproj", "{74FC8F66-6361-4CB6-99BC-564022E5CAAB}"
EndProject
Global
	GlobalSection(SolutionConfigurationPlatforms) = preSolution
		Debug|Any CPU = Debug|Any CPU
		Release|Any CPU = Release|Any CPU
	EndGlobalSection
	GlobalSection(ProjectConfigurationPlatforms) = postSolution
		{74FC8F66-6361-4CB6-99BC-564022E5CAAB}.Debug|Any CPU.ActiveCfg = Debug|Any CPU
		{74FC8F66-6361-4CB6-99BC-564022E5CAAB}.Debug|Any CPU.Build.0 = Debug|Any CPU
		{74FC8F66-6361-4CB6-99BC-564022E5CAAB}.Release|Any CPU.ActiveCfg = Release|Any CPU
		{74FC8F66-6361-4CB6-99BC-564022E5CAAB}.Release|Any CPU.Build.0 = Release|Any CPU
	EndGlobalSection
	GlobalSection(SolutionProperties) = preSolution
		HideSolutionNode = FALSE
	EndGlobalSection
	GlobalSection(ExtensibilityGlobals) = postSolution
		SolutionGuid = {CF8404A1-F731-4F46-9C4A-6598AC873149}
	EndGlobalSection
EndGlobal
